
Microsoft Visual Studio Solution File, Format Version 12.00
# Visual Studio Version 17
VisualStudioVersion = 17.11.35312.102
MinimumVisualStudioVersion = 10.0.40219.1
Project("{FAE04EC0-301F-11D3-BF4B-00C04F79EFBC}") = "WForecast", "WForecast.csproj", "{EA98D4C8-3337-4150-BE93-D64A24414D59}"
EndProject
Global
	GlobalSection(SolutionConfigurationPlatforms) = preSolution
		Debug|Any CPU = Debug|Any CPU
		Release|Any CPU = Release|Any CPU
	EndGlobalSection
	GlobalSection(ProjectConfigurationPlatforms) = postSolution
		{EA98D4C8-3337-4150-BE93-D64A24414D59}.Debug|Any CPU.ActiveCfg = Debug|Any CPU
		{EA98D4C8-3337-4150-BE93-D64A24414D59}.Debug|Any CPU.Build.0 = Debug|Any CPU
		{EA98D4C8-3337-4150-BE93-D64A24414D59}.Release|Any CPU.ActiveCfg = Release|Any CPU
		{EA98D4C8-3337-4150-BE93-D64A24414D59}.Release|Any CPU.Build.0 = Release|Any CPU
	EndGlobalSection
	GlobalSection(SolutionProperties) = preSolution
		HideSolutionNode = FALSE
	EndGlobalSection
	GlobalSection(ExtensibilityGlobals) = postSolution
		SolutionGuid = {B2784373-1D12-4328-B0FE-F02A9A11004C}
	EndGlobalSection
EndGlobal
